github.com/pmuir/project1 v0.0.3 h1:reQm82A5mtVBwn+NRwtFXlZT/lsq+5T68IbrJsY4EDw=
github.com/pmuir/project1 v0.0.3/go.mod h1:1CjzX8oy3X6gY7M2LodLtY2l7NWA4E2hQlJnzQHq4MI=
github.com/pmuir/project1 v0.0.5 h1:IR+cqRmGfFu6RaClSPD9H5rjrFLaWVjJbq7s15TBF5A=
github.com/pmuir/project1 v0.0.5/go.mod h1:Cf+B7Vi47Vumu39b9EGSdd8TyiuG/4sC9F1f1DMTaz4=
